// !$*UTF8*$!
{
	archiveVersion = 1;
	classes = {
	};
	objectVersion = 50;
	objects = {

/* Begin PBXBuildFile section */
		2805F91721E91EDF009D3135 /* NameManager.swift in Sources */ = {isa = PBXBuildFile; fileRef = 2805F91621E91EDF009D3135 /* NameManager.swift */; };
		2805F91921E92059009D3135 /* Chest.swift in Sources */ = {isa = PBXBuildFile; fileRef = 2805F91821E92059009D3135 /* Chest.swift */; };
		28BB315121CA7C5900ECCAC7 /* main.swift in Sources */ = {isa = PBXBuildFile; fileRef = 28BB315021CA7C5900ECCAC7 /* main.swift */; };
		28BB315821CA8C2A00ECCAC7 /* Game.swift in Sources */ = {isa = PBXBuildFile; fileRef = 28BB315721CA8C2A00ECCAC7 /* Game.swift */; };
		28BB315B21CA8C7F00ECCAC7 /* Player.swift in Sources */ = {isa = PBXBuildFile; fileRef = 28BB315A21CA8C7F00ECCAC7 /* Player.swift */; };
		28BB315D21CA8CA900ECCAC7 /* Character.swift in Sources */ = {isa = PBXBuildFile; fileRef = 28BB315C21CA8CA900ECCAC7 /* Character.swift */; };
		28BB315F21CA8CF800ECCAC7 /* Weapon.swift in Sources */ = {isa = PBXBuildFile; fileRef = 28BB315E21CA8CF800ECCAC7 /* Weapon.swift */; };
		28BB316221CA8DC000ECCAC7 /* Warrior.swift in Sources */ = {isa = PBXBuildFile; fileRef = 28BB316121CA8DC000ECCAC7 /* Warrior.swift */; };
		28BB316421CA8DDA00ECCAC7 /* Colossus.swift in Sources */ = {isa = PBXBuildFile; fileRef = 28BB316321CA8DDA00ECCAC7 /* Colossus.swift */; };
		28BB316621CA8DFA00ECCAC7 /* Dwarf.swift in Sources */ = {isa = PBXBuildFile; fileRef = 28BB316521CA8DFA00ECCAC7 /* Dwarf.swift */; };
		28BB316821CA8E1500ECCAC7 /* Magus.swift in Sources */ = {isa = PBXBuildFile; fileRef = 28BB316721CA8E1500ECCAC7 /* Magus.swift */; };
		28BB316E21CAC29000ECCAC7 /* Sword.swift in Sources */ = {isa = PBXBuildFile; fileRef = 28BB316D21CAC29000ECCAC7 /* Sword.swift */; };
		28BB317021CAC29B00ECCAC7 /* Axe.swift in Sources */ = {isa = PBXBuildFile; fileRef = 28BB316F21CAC29B00ECCAC7 /* Axe.swift */; };
		28BB317221CAC53900ECCAC7 /* Mace.swift in Sources */ = {isa = PBXBuildFile; fileRef = 28BB317121CAC53900ECCAC7 /* Mace.swift */; };
		28BB318E21D3DF2D00ECCAC7 /* Wand.swift in Sources */ = {isa = PBXBuildFile; fileRef = 28BB318D21D3DF2D00ECCAC7 /* Wand.swift */; };
		28BB321B21D5432A00ECCAC7 /* Trunk.swift in Sources */ = {isa = PBXBuildFile; fileRef = 28BB321A21D5432A00ECCAC7 /* Trunk.swift */; };
		28BB321D21D5433A00ECCAC7 /* Lance.swift in Sources */ = {isa = PBXBuildFile; fileRef = 28BB321C21D5433A00ECCAC7 /* Lance.swift */; };
		28BB321F21D5434C00ECCAC7 /* Excalibur.swift in Sources */ = {isa = PBXBuildFile; fileRef = 28BB321E21D5434C00ECCAC7 /* Excalibur.swift */; };
		28BB322121D5441300ECCAC7 /* Parchment.swift in Sources */ = {isa = PBXBuildFile; fileRef = 28BB322021D5441300ECCAC7 /* Parchment.swift */; };
		28BB322321D5442300ECCAC7 /* MagicStick.swift in Sources */ = {isa = PBXBuildFile; fileRef = 28BB322221D5442300ECCAC7 /* MagicStick.swift */; };
		28BB322521D8166B00ECCAC7 /* Bow.swift in Sources */ = {isa = PBXBuildFile; fileRef = 28BB322421D8166B00ECCAC7 /* Bow.swift */; };
		28BB322721D8187900ECCAC7 /* Archer.swift in Sources */ = {isa = PBXBuildFile; fileRef = 28BB322621D8187900ECCAC7 /* Archer.swift */; };
		28BB322921D81CCE00ECCAC7 /* Curse.swift in Sources */ = {isa = PBXBuildFile; fileRef = 28BB322821D81CCE00ECCAC7 /* Curse.swift */; };
		28BB322B21D81D1900ECCAC7 /* Wizard.swift in Sources */ = {isa = PBXBuildFile; fileRef = 28BB322A21D81D1900ECCAC7 /* Wizard.swift */; };
/* End PBXBuildFile section */

/* Begin PBXCopyFilesBuildPhase section */
		28BB314B21CA7C5900ECCAC7 /* CopyFiles */ = {
			isa = PBXCopyFilesBuildPhase;
			buildActionMask = 2147483647;
			dstPath = /usr/share/man/man1/;
			dstSubfolderSpec = 0;
			files = (
			);
			runOnlyForDeploymentPostprocessing = 1;
		};
/* End PBXCopyFilesBuildPhase section */

/* Begin PBXFileReference section */
		2805F91621E91EDF009D3135 /* NameManager.swift */ = {isa = PBXFileReference; lastKnownFileType = sourcecode.swift; path = NameManager.swift; sourceTree = "<group>"; };
		2805F91821E92059009D3135 /* Chest.swift */ = {isa = PBXFileReference; lastKnownFileType = sourcecode.swift; path = Chest.swift; sourceTree = "<group>"; };
		28BB314D21CA7C5900ECCAC7 /* Projet3 */ = {isa = PBXFileReference; explicitFileType = "compiled.mach-o.executable"; includeInIndex = 0; path = Projet3; sourceTree = BUILT_PRODUCTS_DIR; };
		28BB315021CA7C5900ECCAC7 /* main.swift */ = {isa = PBXFileReference; lastKnownFileType = sourcecode.swift; path = main.swift; sourceTree = "<group>"; };
		28BB315721CA8C2A00ECCAC7 /* Game.swift */ = {isa = PBXFileReference; lastKnownFileType = sourcecode.swift; path = Game.swift; sourceTree = "<group>"; };
		28BB315A21CA8C7F00ECCAC7 /* Player.swift */ = {isa = PBXFileReference; lastKnownFileType = sourcecode.swift; path = Player.swift; sourceTree = "<group>"; };
		28BB315C21CA8CA900ECCAC7 /* Character.swift */ = {isa = PBXFileReference; lastKnownFileType = sourcecode.swift; path = Character.swift; sourceTree = "<group>"; };
		28BB315E21CA8CF800ECCAC7 /* Weapon.swift */ = {isa = PBXFileReference; lastKnownFileType = sourcecode.swift; path = Weapon.swift; sourceTree = "<group>"; };
		28BB316121CA8DC000ECCAC7 /* Warrior.swift */ = {isa = PBXFileReference; lastKnownFileType = sourcecode.swift; path = Warrior.swift; sourceTree = "<group>"; };
		28BB316321CA8DDA00ECCAC7 /* Colossus.swift */ = {isa = PBXFileReference; lastKnownFileType = sourcecode.swift; path = Colossus.swift; sourceTree = "<group>"; };
		28BB316521CA8DFA00ECCAC7 /* Dwarf.swift */ = {isa = PBXFileReference; lastKnownFileType = sourcecode.swift; path = Dwarf.swift; sourceTree = "<group>"; };
		28BB316721CA8E1500ECCAC7 /* Magus.swift */ = {isa = PBXFileReference; lastKnownFileType = sourcecode.swift; path = Magus.swift; sourceTree = "<group>"; };
		28BB316D21CAC29000ECCAC7 /* Sword.swift */ = {isa = PBXFileReference; lastKnownFileType = sourcecode.swift; path = Sword.swift; sourceTree = "<group>"; };
		28BB316F21CAC29B00ECCAC7 /* Axe.swift */ = {isa = PBXFileReference; lastKnownFileType = sourcecode.swift; path = Axe.swift; sourceTree = "<group>"; };
		28BB317121CAC53900ECCAC7 /* Mace.swift */ = {isa = PBXFileReference; lastKnownFileType = sourcecode.swift; path = Mace.swift; sourceTree = "<group>"; };
		28BB318D21D3DF2D00ECCAC7 /* Wand.swift */ = {isa = PBXFileReference; lastKnownFileType = sourcecode.swift; path = Wand.swift; sourceTree = "<group>"; };
		28BB321A21D5432A00ECCAC7 /* Trunk.swift */ = {isa = PBXFileReference; lastKnownFileType = sourcecode.swift; path = Trunk.swift; sourceTree = "<group>"; };
		28BB321C21D5433A00ECCAC7 /* Lance.swift */ = {isa = PBXFileReference; lastKnownFileType = sourcecode.swift; path = Lance.swift; sourceTree = "<group>"; };
		28BB321E21D5434C00ECCAC7 /* Excalibur.swift */ = {isa = PBXFileReference; lastKnownFileType = sourcecode.swift; path = Excalibur.swift; sourceTree = "<group>"; };
		28BB322021D5441300ECCAC7 /* Parchment.swift */ = {isa = PBXFileReference; lastKnownFileType = sourcecode.swift; path = Parchment.swift; sourceTree = "<group>"; };
		28BB322221D5442300ECCAC7 /* MagicStick.swift */ = {isa = PBXFileReference; lastKnownFileType = sourcecode.swift; path = MagicStick.swift; sourceTree = "<group>"; };
		28BB322421D8166B00ECCAC7 /* Bow.swift */ = {isa = PBXFileReference; lastKnownFileType = sourcecode.swift; path = Bow.swift; sourceTree = "<group>"; };
		28BB322621D8187900ECCAC7 /* Archer.swift */ = {isa = PBXFileReference; lastKnownFileType = sourcecode.swift; path = Archer.swift; sourceTree = "<group>"; };
		28BB322821D81CCE00ECCAC7 /* Curse.swift */ = {isa = PBXFileReference; lastKnownFileType = sourcecode.swift; path = Curse.swift; sourceTree = "<group>"; };
		28BB322A21D81D1900ECCAC7 /* Wizard.swift */ = {isa = PBXFileReference; lastKnownFileType = sourcecode.swift; path = Wizard.swift; sourceTree = "<group>"; };
/* End PBXFileReference section */

/* Begin PBXFrameworksBuildPhase section */
		28BB314A21CA7C5900ECCAC7 /* Frameworks */ = {
			isa = PBXFrameworksBuildPhase;
			buildActionMask = 2147483647;
			files = (
			);
			runOnlyForDeploymentPostprocessing = 0;
		};
/* End PBXFrameworksBuildPhase section */

/* Begin PBXGroup section */
		28BB314421CA7C5900ECCAC7 = {
			isa = PBXGroup;
			children = (
				28BB314F21CA7C5900ECCAC7 /* Projet3 */,
				28BB314E21CA7C5900ECCAC7 /* Products */,
			);
			sourceTree = "<group>";
		};
		28BB314E21CA7C5900ECCAC7 /* Products */ = {
			isa = PBXGroup;
			children = (
				28BB314D21CA7C5900ECCAC7 /* Projet3 */,
			);
			name = Products;
			sourceTree = "<group>";
		};
		28BB314F21CA7C5900ECCAC7 /* Projet3 */ = {
			isa = PBXGroup;
			children = (
				28BB315021CA7C5900ECCAC7 /* main.swift */,
				28BB315921CA8C5F00ECCAC7 /* Class */,
			);
			path = Projet3;
			sourceTree = "<group>";
		};
		28BB315921CA8C5F00ECCAC7 /* Class */ = {
			isa = PBXGroup;
			children = (
				28BB315721CA8C2A00ECCAC7 /* Game.swift */,
				28BB315A21CA8C7F00ECCAC7 /* Player.swift */,
				28BB315E21CA8CF800ECCAC7 /* Weapon.swift */,
				28BB316C21CAC24E00ECCAC7 /* Weapon */,
				28BB315C21CA8CA900ECCAC7 /* Character.swift */,
				28BB316021CA8D9E00ECCAC7 /* Character */,
				2805F91621E91EDF009D3135 /* NameManager.swift */,
				2805F91821E92059009D3135 /* Chest.swift */,
			);
			path = Class;
			sourceTree = "<group>";
		};
		28BB316021CA8D9E00ECCAC7 /* Character */ = {
			isa = PBXGroup;
			children = (
				28BB316121CA8DC000ECCAC7 /* Warrior.swift */,
				28BB316321CA8DDA00ECCAC7 /* Colossus.swift */,
				28BB316521CA8DFA00ECCAC7 /* Dwarf.swift */,
				28BB316721CA8E1500ECCAC7 /* Magus.swift */,
				28BB322621D8187900ECCAC7 /* Archer.swift */,
				28BB322A21D81D1900ECCAC7 /* Wizard.swift */,
			);
			path = Character;
			sourceTree = "<group>";
		};
		28BB316C21CAC24E00ECCAC7 /* Weapon */ = {
			isa = PBXGroup;
			children = (
				28BB316D21CAC29000ECCAC7 /* Sword.swift */,
				28BB316F21CAC29B00ECCAC7 /* Axe.swift */,
				28BB317121CAC53900ECCAC7 /* Mace.swift */,
				28BB318D21D3DF2D00ECCAC7 /* Wand.swift */,
				28BB321A21D5432A00ECCAC7 /* Trunk.swift */,
				28BB321C21D5433A00ECCAC7 /* Lance.swift */,
				28BB321E21D5434C00ECCAC7 /* Excalibur.swift */,
				28BB322021D5441300ECCAC7 /* Parchment.swift */,
				28BB322221D5442300ECCAC7 /* MagicStick.swift */,
				28BB322421D8166B00ECCAC7 /* Bow.swift */,
				28BB322821D81CCE00ECCAC7 /* Curse.swift */,
			);
			path = Weapon;
			sourceTree = "<group>";
		};
/* End PBXGroup section */

/* Begin PBXNativeTarget section */
		28BB314C21CA7C5900ECCAC7 /* Projet3 */ = {
			isa = PBXNativeTarget;
			buildConfigurationList = 28BB315421CA7C5900ECCAC7 /* Build configuration list for PBXNativeTarget "Projet3" */;
			buildPhases = (
				28BB314921CA7C5900ECCAC7 /* Sources */,
				28BB314A21CA7C5900ECCAC7 /* Frameworks */,
				28BB314B21CA7C5900ECCAC7 /* CopyFiles */,
			);
			buildRules = (
			);
			dependencies = (
			);
			name = Projet3;
			productName = Projet3;
			productReference = 28BB314D21CA7C5900ECCAC7 /* Projet3 */;
			productType = "com.apple.product-type.tool";
		};
/* End PBXNativeTarget section */

/* Begin PBXProject section */
		28BB314521CA7C5900ECCAC7 /* Project object */ = {
			isa = PBXProject;
			attributes = {
				LastSwiftUpdateCheck = 1010;
				LastUpgradeCheck = 1010;
				ORGANIZATIONNAME = "Léo NICOLAS";
				TargetAttributes = {
					28BB314C21CA7C5900ECCAC7 = {
						CreatedOnToolsVersion = 10.1;
					};
				};
			};
			buildConfigurationList = 28BB314821CA7C5900ECCAC7 /* Build configuration list for PBXProject "Projet3" */;
			compatibilityVersion = "Xcode 9.3";
			developmentRegion = en;
			hasScannedForEncodings = 0;
			knownRegions = (
				en,
			);
			mainGroup = 28BB314421CA7C5900ECCAC7;
			productRefGroup = 28BB314E21CA7C5900ECCAC7 /* Products */;
			projectDirPath = "";
			projectRoot = "";
			targets = (
				28BB314C21CA7C5900ECCAC7 /* Projet3 */,
			);
		};
/* End PBXProject section */

/* Begin PBXSourcesBuildPhase section */
		28BB314921CA7C5900ECCAC7 /* Sources */ = {
			isa = PBXSourcesBuildPhase;
			buildActionMask = 2147483647;
			files = (
				28BB322B21D81D1900ECCAC7 /* Wizard.swift in Sources */,
				28BB321B21D5432A00ECCAC7 /* Trunk.swift in Sources */,
				28BB318E21D3DF2D00ECCAC7 /* Wand.swift in Sources */,
				28BB322521D8166B00ECCAC7 /* Bow.swift in Sources */,
				28BB316221CA8DC000ECCAC7 /* Warrior.swift in Sources */,
				28BB322721D8187900ECCAC7 /* Archer.swift in Sources */,
				28BB315F21CA8CF800ECCAC7 /* Weapon.swift in Sources */,
				28BB316621CA8DFA00ECCAC7 /* Dwarf.swift in Sources */,
				28BB317221CAC53900ECCAC7 /* Mace.swift in Sources */,
				28BB315121CA7C5900ECCAC7 /* main.swift in Sources */,
				28BB316421CA8DDA00ECCAC7 /* Colossus.swift in Sources */,
				28BB316E21CAC29000ECCAC7 /* Sword.swift in Sources */,
				2805F91721E91EDF009D3135 /* NameManager.swift in Sources */,
				28BB321F21D5434C00ECCAC7 /* Excalibur.swift in Sources */,
				28BB322321D5442300ECCAC7 /* MagicStick.swift in Sources */,
				28BB321D21D5433A00ECCAC7 /* Lance.swift in Sources */,
				28BB316821CA8E1500ECCAC7 /* Magus.swift in Sources */,
				28BB315B21CA8C7F00ECCAC7 /* Player.swift in Sources */,
				28BB315821CA8C2A00ECCAC7 /* Game.swift in Sources */,
				28BB315D21CA8CA900ECCAC7 /* Character.swift in Sources */,
				28BB322121D5441300ECCAC7 /* Parchment.swift in Sources */,
				2805F91921E92059009D3135 /* Chest.swift in Sources */,
				28BB322921D81CCE00ECCAC7 /* Curse.swift in Sources */,
				28BB317021CAC29B00ECCAC7 /* Axe.swift in Sources */,
			);
			runOnlyForDeploymentPostprocessing = 0;
		};
/* End PBXSourcesBuildPhase section */

/* Begin XCBuildConfiguration section */
		28BB315221CA7C5900ECCAC7 /* Debug */ = {
			isa = XCBuildConfiguration;
			buildSettings = {
				ALWAYS_SEARCH_USER_PATHS = NO;
				CLANG_ANALYZER_NONNULL = YES;
				CLANG_ANALYZER_NUMBER_OBJECT_CONVERSION = YES_AGGRESSIVE;
				CLANG_CXX_LANGUAGE_STANDARD = "gnu++14";
				CLANG_CXX_LIBRARY = "libc++";
				CLANG_ENABLE_MODULES = YES;
				CLANG_ENABLE_OBJC_ARC = YES;
				CLANG_ENABLE_OBJC_WEAK = YES;
				CLANG_WARN_BLOCK_CAPTURE_AUTORELEASING = YES;
				CLANG_WARN_BOOL_CONVERSION = YES;
				CLANG_WARN_COMMA = YES;
				CLANG_WARN_CONSTANT_CONVERSION = YES;
				CLANG_WARN_DEPRECATED_OBJC_IMPLEMENTATIONS = YES;
				CLANG_WARN_DIRECT_OBJC_ISA_USAGE = YES_ERROR;
				CLANG_WARN_DOCUMENTATION_COMMENTS = YES;
				CLANG_WARN_EMPTY_BODY = YES;
				CLANG_WARN_ENUM_CONVERSION = YES;
				CLANG_WARN_INFINITE_RECURSION = YES;
				CLANG_WARN_INT_CONVERSION = YES;
				CLANG_WARN_NON_LITERAL_NULL_CONVERSION = YES;
				CLANG_WARN_OBJC_IMPLICIT_RETAIN_SELF = YES;
				CLANG_WARN_OBJC_LITERAL_CONVERSION = YES;
				CLANG_WARN_OBJC_ROOT_CLASS = YES_ERROR;
				CLANG_WARN_RANGE_LOOP_ANALYSIS = YES;
				CLANG_WARN_STRICT_PROTOTYPES = YES;
				CLANG_WARN_SUSPICIOUS_MOVE = YES;
				CLANG_WARN_UNGUARDED_AVAILABILITY = YES_AGGRESSIVE;
				CLANG_WARN_UNREACHABLE_CODE = YES;
				CLANG_WARN__DUPLICATE_METHOD_MATCH = YES;
				CODE_SIGN_IDENTITY = "-";
				COPY_PHASE_STRIP = NO;
				DEBUG_INFORMATION_FORMAT = dwarf;
				ENABLE_STRICT_OBJC_MSGSEND = YES;
				ENABLE_TESTABILITY = YES;
				GCC_C_LANGUAGE_STANDARD = gnu11;
				GCC_DYNAMIC_NO_PIC = NO;
				GCC_NO_COMMON_BLOCKS = YES;
				GCC_OPTIMIZATION_LEVEL = 0;
				GCC_PREPROCESSOR_DEFINITIONS = (
					"DEBUG=1",
					"$(inherited)",
				);
				GCC_WARN_64_TO_32_BIT_CONVERSION = YES;
				GCC_WARN_ABOUT_RETURN_TYPE = YES_ERROR;
				GCC_WARN_UNDECLARED_SELECTOR = YES;
				GCC_WARN_UNINITIALIZED_AUTOS = YES_AGGRESSIVE;
				GCC_WARN_UNUSED_FUNCTION = YES;
				GCC_WARN_UNUSED_VARIABLE = YES;
				MACOSX_DEPLOYMENT_TARGET = 10.13;
				MTL_ENABLE_DEBUG_INFO = INCLUDE_SOURCE;
				MTL_FAST_MATH = YES;
				ONLY_ACTIVE_ARCH = YES;
				SDKROOT = macosx;
				SWIFT_ACTIVE_COMPILATION_CONDITIONS = DEBUG;
				SWIFT_OPTIMIZATION_LEVEL = "-Onone";
			};
			name = Debug;
		};
		28BB315321CA7C5900ECCAC7 /* Release */ = {
			isa = XCBuildConfiguration;
			buildSettings = {
				ALWAYS_SEARCH_USER_PATHS = NO;
				CLANG_ANALYZER_NONNULL = YES;
				CLANG_ANALYZER_NUMBER_OBJECT_CONVERSION = YES_AGGRESSIVE;
				CLANG_CXX_LANGUAGE_STANDARD = "gnu++14";
				CLANG_CXX_LIBRARY = "libc++";
				CLANG_ENABLE_MODULES = YES;
				CLANG_ENABLE_OBJC_ARC = YES;
				CLANG_ENABLE_OBJC_WEAK = YES;
				CLANG_WARN_BLOCK_CAPTURE_AUTORELEASING = YES;
				CLANG_WARN_BOOL_CONVERSION = YES;
				CLANG_WARN_COMMA = YES;
				CLANG_WARN_CONSTANT_CONVERSION = YES;
				CLANG_WARN_DEPRECATED_OBJC_IMPLEMENTATIONS = YES;
				CLANG_WARN_DIRECT_OBJC_ISA_USAGE = YES_ERROR;
				CLANG_WARN_DOCUMENTATION_COMMENTS = YES;
				CLANG_WARN_EMPTY_BODY = YES;
				CLANG_WARN_ENUM_CONVERSION = YES;
				CLANG_WARN_INFINITE_RECURSION = YES;
				CLANG_WARN_INT_CONVERSION = YES;
				CLANG_WARN_NON_LITERAL_NULL_CONVERSION = YES;
				CLANG_WARN_OBJC_IMPLICIT_RETAIN_SELF = YES;
				CLANG_WARN_OBJC_LITERAL_CONVERSION = YES;
				CLANG_WARN_OBJC_ROOT_CLASS = YES_ERROR;
				CLANG_WARN_RANGE_LOOP_ANALYSIS = YES;
				CLANG_WARN_STRICT_PROTOTYPES = YES;
				CLANG_WARN_SUSPICIOUS_MOVE = YES;
				CLANG_WARN_UNGUARDED_AVAILABILITY = YES_AGGRESSIVE;
				CLANG_WARN_UNREACHABLE_CODE = YES;
				CLANG_WARN__DUPLICATE_METHOD_MATCH = YES;
				CODE_SIGN_IDENTITY = "-";
				COPY_PHASE_STRIP = NO;
				DEBUG_INFORMATION_FORMAT = "dwarf-with-dsym";
				ENABLE_NS_ASSERTIONS = NO;
				ENABLE_STRICT_OBJC_MSGSEND = YES;
				GCC_C_LANGUAGE_STANDARD = gnu11;
				GCC_NO_COMMON_BLOCKS = YES;
				GCC_WARN_64_TO_32_BIT_CONVERSION = YES;
				GCC_WARN_ABOUT_RETURN_TYPE = YES_ERROR;
				GCC_WARN_UNDECLARED_SELECTOR = YES;
				GCC_WARN_UNINITIALIZED_AUTOS = YES_AGGRESSIVE;
				GCC_WARN_UNUSED_FUNCTION = YES;
				GCC_WARN_UNUSED_VARIABLE = YES;
				MACOSX_DEPLOYMENT_TARGET = 10.13;
				MTL_ENABLE_DEBUG_INFO = NO;
				MTL_FAST_MATH = YES;
				SDKROOT = macosx;
				SWIFT_COMPILATION_MODE = wholemodule;
				SWIFT_OPTIMIZATION_LEVEL = "-O";
			};
			name = Release;
		};
		28BB315521CA7C5900ECCAC7 /* Debug */ = {
			isa = XCBuildConfiguration;
			buildSettings = {
				CODE_SIGN_STYLE = Automatic;
				PRODUCT_NAME = "$(TARGET_NAME)";
				SWIFT_VERSION = 4.2;
			};
			name = Debug;
		};
		28BB315621CA7C5900ECCAC7 /* Release */ = {
			isa = XCBuildConfiguration;
			buildSettings = {
				CODE_SIGN_STYLE = Automatic;
				PRODUCT_NAME = "$(TARGET_NAME)";
				SWIFT_VERSION = 4.2;
			};
			name = Release;
		};
/* End XCBuildConfiguration section */

/* Begin XCConfigurationList section */
		28BB314821CA7C5900ECCAC7 /* Build configuration list for PBXProject "Projet3" */ = {
			isa = XCConfigurationList;
			buildConfigurations = (
				28BB315221CA7C5900ECCAC7 /* Debug */,
				28BB315321CA7C5900ECCAC7 /* Release */,
			);
			defaultConfigurationIsVisible = 0;
			defaultConfigurationName = Release;
		};
		28BB315421CA7C5900ECCAC7 /* Build configuration list for PBXNativeTarget "Projet3" */ = {
			isa = XCConfigurationList;
			buildConfigurations = (
				28BB315521CA7C5900ECCAC7 /* Debug */,
				28BB315621CA7C5900ECCAC7 /* Release */,
			);
			defaultConfigurationIsVisible = 0;
			defaultConfigurationName = Release;
		};
/* End XCConfigurationList section */
	};
	rootObject = 28BB314521CA7C5900ECCAC7 /* Project object */;
}
